{
  "name": "smapp",
  "version": "0.0.1",
  "lockfileVersion": 1,
  "requires": true,
  "dependencies": {
    "@types/xlsx": {
      "version": "0.0.34",
      "resolved": "https://registry.npmjs.org/@types/xlsx/-/xlsx-0.0.34.tgz",
      "integrity": "sha1-K0nmDcvTVTpr8hGjrxpvTHyyyLk="
    },
    "file-saver": {
      "version": "1.3.3",
      "resolved": "https://registry.npmjs.org/file-saver/-/file-saver-1.3.3.tgz",
      "integrity": "sha1-zdTETTqiZOrC9o7BZbx5HDSvEjI="
    },
    "lodash": {
      "version": "4.17.4",
      "resolved": "https://registry.npmjs.org/lodash/-/lodash-4.17.4.tgz",
      "integrity": "sha1-eCA6TRwyiuHYbcpkYONptX9AVa4="
    },
    "ts-xlsx": {
      "version": "0.0.11",
      "resolved": "https://registry.npmjs.org/ts-xlsx/-/ts-xlsx-0.0.11.tgz",
      "integrity": "sha1-Wl+83Q9Z1VjCh69MdP1eqaS76zk=",
      "requires": {
        "@types/xlsx": "0.0.34"
      }
    }
  }
}
